
Microsoft Visual Studio Solution File, Format Version 12.00
# Visual Studio Version 17
VisualStudioVersion = 17.13.35825.156 d17.13
MinimumVisualStudioVersion = 10.0.40219.1
Project("{FAE04EC0-301F-11D3-BF4B-00C04F79EFBC}") = "hash-sazimaj", "hash-sazimaj\hash-sazimaj.csproj", "{8403B65F-AF1F-4B9E-85BC-3D7362B828D7}"
EndProject
Global
	GlobalSection(SolutionConfigurationPlatforms) = preSolution
		Debug|Any CPU = Debug|Any CPU
		Release|Any CPU = Release|Any CPU
	EndGlobalSection
	GlobalSection(ProjectConfigurationPlatforms) = postSolution
		{8403B65F-AF1F-4B9E-85BC-3D7362B828D7}.Debug|Any CPU.ActiveCfg = Debug|Any CPU
		{8403B65F-AF1F-4B9E-85BC-3D7362B828D7}.Debug|Any CPU.Build.0 = Debug|Any CPU
		{8403B65F-AF1F-4B9E-85BC-3D7362B828D7}.Release|Any CPU.ActiveCfg = Release|Any CPU
		{8403B65F-AF1F-4B9E-85BC-3D7362B828D7}.Release|Any CPU.Build.0 = Release|Any CPU
	EndGlobalSection
	GlobalSection(SolutionProperties) = preSolution
		HideSolutionNode = FALSE
	EndGlobalSection
	GlobalSection(ExtensibilityGlobals) = postSolution
		SolutionGuid = {6010DB62-228C-4AD8-9C0E-74DE7734938D}
	EndGlobalSection
EndGlobal
